
Microsoft Visual Studio Solution File, Format Version 12.00
# Visual Studio Version 16
VisualStudioVersion = 16.0.32630.194
MinimumVisualStudioVersion = 10.0.40219.1
Project("{FAE04EC0-301F-11D3-BF4B-00C04F79EFBC}") = "12.Percent", "12.Percent.csproj", "{F360489D-8FF2-423D-B0CC-A68E504E4964}"
EndProject
Global
	GlobalSection(SolutionConfigurationPlatforms) = preSolution
		Debug|Any CPU = Debug|Any CPU
		Release|Any CPU = Release|Any CPU
	EndGlobalSection
	GlobalSection(ProjectConfigurationPlatforms) = postSolution
		{F360489D-8FF2-423D-B0CC-A68E504E4964}.Debug|Any CPU.ActiveCfg = Debug|Any CPU
		{F360489D-8FF2-423D-B0CC-A68E504E4964}.Debug|Any CPU.Build.0 = Debug|Any CPU
		{F360489D-8FF2-423D-B0CC-A68E504E4964}.Release|Any CPU.ActiveCfg = Release|Any CPU
		{F360489D-8FF2-423D-B0CC-A68E504E4964}.Release|Any CPU.Build.0 = Release|Any CPU
	EndGlobalSection
	GlobalSection(SolutionProperties) = preSolution
		HideSolutionNode = FALSE
	EndGlobalSection
	GlobalSection(ExtensibilityGlobals) = postSolution
		SolutionGuid = {F7785865-29D8-448C-B00F-69DFEF60A0C9}
	EndGlobalSection
EndGlobal
