
Microsoft Visual Studio Solution File, Format Version 12.00
# Visual Studio Version 16
VisualStudioVersion = 16.0.32630.194
MinimumVisualStudioVersion = 10.0.40219.1
Project("{FAE04EC0-301F-11D3-BF4B-00C04F79EFBC}") = "4.FindSubarrayStartIndex", "4.FindSubarrayStartIndex.csproj", "{5CE47C08-035C-4F0D-B609-20727B3A156C}"
EndProject
Global
	GlobalSection(SolutionConfigurationPlatforms) = preSolution
		Debug|Any CPU = Debug|Any CPU
		Release|Any CPU = Release|Any CPU
	EndGlobalSection
	GlobalSection(ProjectConfigurationPlatforms) = postSolution
		{5CE47C08-035C-4F0D-B609-20727B3A156C}.Debug|Any CPU.ActiveCfg = Debug|Any CPU
		{5CE47C08-035C-4F0D-B609-20727B3A156C}.Debug|Any CPU.Build.0 = Debug|Any CPU
		{5CE47C08-035C-4F0D-B609-20727B3A156C}.Release|Any CPU.ActiveCfg = Release|Any CPU
		{5CE47C08-035C-4F0D-B609-20727B3A156C}.Release|Any CPU.Build.0 = Release|Any CPU
	EndGlobalSection
	GlobalSection(SolutionProperties) = preSolution
		HideSolutionNode = FALSE
	EndGlobalSection
	GlobalSection(ExtensibilityGlobals) = postSolution
		SolutionGuid = {3642A447-233D-44DF-9E2D-DF9DBF88E186}
	EndGlobalSection
EndGlobal
