
Microsoft Visual Studio Solution File, Format Version 12.00
# Visual Studio Version 16
VisualStudioVersion = 16.0.32630.194
MinimumVisualStudioVersion = 10.0.40219.1
Project("{FAE04EC0-301F-11D3-BF4B-00C04F79EFBC}") = "GetMinPowerOfTwoLargerThan", "GetMinPowerOfTwoLargerThan.csproj", "{70072C94-882B-482E-8FC1-C88C65BBFF97}"
EndProject
Global
	GlobalSection(SolutionConfigurationPlatforms) = preSolution
		Debug|Any CPU = Debug|Any CPU
		Release|Any CPU = Release|Any CPU
	EndGlobalSection
	GlobalSection(ProjectConfigurationPlatforms) = postSolution
		{70072C94-882B-482E-8FC1-C88C65BBFF97}.Debug|Any CPU.ActiveCfg = Debug|Any CPU
		{70072C94-882B-482E-8FC1-C88C65BBFF97}.Debug|Any CPU.Build.0 = Debug|Any CPU
		{70072C94-882B-482E-8FC1-C88C65BBFF97}.Release|Any CPU.ActiveCfg = Release|Any CPU
		{70072C94-882B-482E-8FC1-C88C65BBFF97}.Release|Any CPU.Build.0 = Release|Any CPU
	EndGlobalSection
	GlobalSection(SolutionProperties) = preSolution
		HideSolutionNode = FALSE
	EndGlobalSection
	GlobalSection(ExtensibilityGlobals) = postSolution
		SolutionGuid = {BB0F068C-3C1D-4F9C-BAE7-F4A42577C41F}
	EndGlobalSection
EndGlobal
